
Microsoft Visual Studio Solution File, Format Version 12.00
# Visual Studio Version 17
VisualStudioVersion = 17.12.35728.132 d17.12
MinimumVisualStudioVersion = 10.0.40219.1
Project("{FAE04EC0-301F-11D3-BF4B-00C04F79EFBC}") = "Di.Play", "Di.Play\Di.Play.csproj", "{F4654E0F-B77C-4ABD-9FF7-99E55A5AFED6}"
EndProject
Project("{FAE04EC0-301F-11D3-BF4B-00C04F79EFBC}") = "DI.Play.Test", "DI.Play.Test\DI.Play.Test.csproj", "{7C21171A-0554-43E9-BEFE-DF2FAE3FE541}"
EndProject
Global
	GlobalSection(SolutionConfigurationPlatforms) = preSolution
		Debug|Any CPU = Debug|Any CPU
		Release|Any CPU = Release|Any CPU
	EndGlobalSection
	GlobalSection(ProjectConfigurationPlatforms) = postSolution
		{F4654E0F-B77C-4ABD-9FF7-99E55A5AFED6}.Debug|Any CPU.ActiveCfg = Debug|Any CPU
		{F4654E0F-B77C-4ABD-9FF7-99E55A5AFED6}.Debug|Any CPU.Build.0 = Debug|Any CPU
		{F4654E0F-B77C-4ABD-9FF7-99E55A5AFED6}.Release|Any CPU.ActiveCfg = Release|Any CPU
		{F4654E0F-B77C-4ABD-9FF7-99E55A5AFED6}.Release|Any CPU.Build.0 = Release|Any CPU
		{7C21171A-0554-43E9-BEFE-DF2FAE3FE541}.Debug|Any CPU.ActiveCfg = Debug|Any CPU
		{7C21171A-0554-43E9-BEFE-DF2FAE3FE541}.Debug|Any CPU.Build.0 = Debug|Any CPU
		{7C21171A-0554-43E9-BEFE-DF2FAE3FE541}.Release|Any CPU.ActiveCfg = Release|Any CPU
		{7C21171A-0554-43E9-BEFE-DF2FAE3FE541}.Release|Any CPU.Build.0 = Release|Any CPU
	EndGlobalSection
	GlobalSection(SolutionProperties) = preSolution
		HideSolutionNode = FALSE
	EndGlobalSection
EndGlobal
